
Microsoft Visual Studio Solution File, Format Version 12.00
# Visual Studio 15
Project("{FAE04EC0-301F-11D3-BF4B-00C04F79EFBC}") = "UnityEngine.TestRunner", "UnityEngine.TestRunner.csproj", "{1E700717-B5F7-AA24-0C3C-FC9CBE68E0C3}"
EndProject
Project("{FAE04EC0-301F-11D3-BF4B-00C04F79EFBC}") = "Unity.VisualScripting.Flow", "Unity.VisualScripting.Flow.csproj", "{D9DD7F74-0A51-36C1-742B-C8E20FF0573F}"
EndProject
Project("{FAE04EC0-301F-11D3-BF4B-00C04F79EFBC}") = "Unity.Mathematics", "Unity.Mathematics.csproj", "{46C2CF51-51EE-0BB4-7542-FEF302516ABA}"
EndProject
Project("{FAE04EC0-301F-11D3-BF4B-00C04F79EFBC}") = "Unity.Services.Core.Telemetry", "Unity.Services.Core.Telemetry.csproj", "{5B912E5A-7F09-89F0-AEB8-F060B3D083D0}"
EndProject
Project("{FAE04EC0-301F-11D3-BF4B-00C04F79EFBC}") = "Unity.VisualScripting.State", "Unity.VisualScripting.State.csproj", "{EB6C9475-1030-29BB-D367-145E2FEE33F1}"
EndProject
Project("{FAE04EC0-301F-11D3-BF4B-00C04F79EFBC}") = "Unity.VisualScripting.Core", "Unity.VisualScripting.Core.csproj", "{F55CE426-0A3D-7EDC-F03D-D1ED16AA54D7}"
EndProject
Project("{FAE04EC0-301F-11D3-BF4B-00C04F79EFBC}") = "Unity.Services.Core.Environments.Internal", "Unity.Services.Core.Environments.Internal.csproj", "{B0793137-5277-2B32-E219-90AE784AC0AB}"
EndProject
Project("{FAE04EC0-301F-11D3-BF4B-00C04F79EFBC}") = "Unity.Burst", "Unity.Burst.csproj", "{F453401B-A89A-1ABA-FE49-795B237C84C6}"
EndProject
Project("{FAE04EC0-301F-11D3-BF4B-00C04F79EFBC}") = "Unity.TextMeshPro", "Unity.TextMeshPro.csproj", "{B685FC3F-889A-B12B-AE18-FCE66C761169}"
EndProject
Project("{FAE04EC0-301F-11D3-BF4B-00C04F79EFBC}") = "Unity.Timeline", "Unity.Timeline.csproj", "{BA0BB95F-F1D0-C9E8-D686-4C3E4FE83302}"
EndProject
Project("{FAE04EC0-301F-11D3-BF4B-00C04F79EFBC}") = "Unity.Services.Core", "Unity.Services.Core.csproj", "{7256A312-9798-0CFE-7DA0-B0830C920918}"
EndProject
Project("{FAE04EC0-301F-11D3-BF4B-00C04F79EFBC}") = "Unity.Services.Core.Environments", "Unity.Services.Core.Environments.csproj", "{3003C20D-C787-A28B-3F1F-7613D873C0A0}"
EndProject
Project("{FAE04EC0-301F-11D3-BF4B-00C04F79EFBC}") = "Unity.Services.Core.Internal", "Unity.Services.Core.Internal.csproj", "{77A005AE-C378-2087-667F-C6BCEB110D31}"
EndProject
Project("{FAE04EC0-301F-11D3-BF4B-00C04F79EFBC}") = "Unity.Services.Core.Analytics", "Unity.Services.Core.Analytics.csproj", "{A315416C-C50D-FF2F-BE4B-F2A16E146472}"
EndProject
Project("{FAE04EC0-301F-11D3-BF4B-00C04F79EFBC}") = "Unity.Services.Core.Scheduler", "Unity.Services.Core.Scheduler.csproj", "{3B33485A-F5B5-945A-4C58-1D02CC5C55BB}"
EndProject
Project("{FAE04EC0-301F-11D3-BF4B-00C04F79EFBC}") = "Unity.Services.Core.Registration", "Unity.Services.Core.Registration.csproj", "{D4993B8F-0CFB-76E9-1449-F47D7786B99A}"
EndProject
Project("{FAE04EC0-301F-11D3-BF4B-00C04F79EFBC}") = "Unity.Services.Core.Device", "Unity.Services.Core.Device.csproj", "{DD27A529-836F-05F9-0ED8-A0F4A310EC71}"
EndProject
Project("{FAE04EC0-301F-11D3-BF4B-00C04F79EFBC}") = "Unity.Services.Core.Threading", "Unity.Services.Core.Threading.csproj", "{4EABFD29-DE22-F29D-37D5-9610157EAC91}"
EndProject
Project("{FAE04EC0-301F-11D3-BF4B-00C04F79EFBC}") = "Unity.Services.Core.Networking", "Unity.Services.Core.Networking.csproj", "{E5017880-7BEA-4702-A292-8B9B7C442295}"
EndProject
Project("{FAE04EC0-301F-11D3-BF4B-00C04F79EFBC}") = "Unity.Services.Core.Configuration", "Unity.Services.Core.Configuration.csproj", "{7AFEEA2D-8DFC-4364-B18E-CB24186EF422}"
EndProject
Project("{FAE04EC0-301F-11D3-BF4B-00C04F79EFBC}") = "Playground", "Playground.csproj", "{A39AC5B5-3B80-C1B7-16A1-0A50043F378E}"
EndProject
Project("{FAE04EC0-301F-11D3-BF4B-00C04F79EFBC}") = "UniRx", "UniRx.csproj", "{CD632E6B-9B59-D0F4-14B3-4F635A401024}"
EndProject
Project("{FAE04EC0-301F-11D3-BF4B-00C04F79EFBC}") = "Unity.PlasticSCM.Editor", "Unity.PlasticSCM.Editor.csproj", "{B51B13CF-56B8-7532-521C-E084AFB17485}"
EndProject
Project("{FAE04EC0-301F-11D3-BF4B-00C04F79EFBC}") = "Unity.VisualScripting.Core.Editor", "Unity.VisualScripting.Core.Editor.csproj", "{B4BCC7E7-8E06-C1DF-6D1A-775C273D3DE3}"
EndProject
Project("{FAE04EC0-301F-11D3-BF4B-00C04F79EFBC}") = "Unity.VisualScripting.Flow.Editor", "Unity.VisualScripting.Flow.Editor.csproj", "{006E3ADB-F3CC-50C7-A46C-C55FF630413D}"
EndProject
Project("{FAE04EC0-301F-11D3-BF4B-00C04F79EFBC}") = "Unity.VisualStudio.Editor", "Unity.VisualStudio.Editor.csproj", "{FFB70CE8-7B9C-F2E2-BF9A-B8910112E41A}"
EndProject
Project("{FAE04EC0-301F-11D3-BF4B-00C04F79EFBC}") = "Unity.Timeline.Editor", "Unity.Timeline.Editor.csproj", "{84E059F2-86D4-8E14-B0E4-E3978C2AD332}"
EndProject
Project("{FAE04EC0-301F-11D3-BF4B-00C04F79EFBC}") = "Unity.VisualScripting.State.Editor", "Unity.VisualScripting.State.Editor.csproj", "{CEB57F63-55A5-A408-8C69-534A8B329FBF}"
EndProject
Project("{FAE04EC0-301F-11D3-BF4B-00C04F79EFBC}") = "Unity.TextMeshPro.Editor", "Unity.TextMeshPro.Editor.csproj", "{2C3F8DB5-AA82-9C42-9758-0DF642DE7628}"
EndProject
Project("{FAE04EC0-301F-11D3-BF4B-00C04F79EFBC}") = "Unity.VisualScripting.SettingsProvider.Editor", "Unity.VisualScripting.SettingsProvider.Editor.csproj", "{19F5FAB9-7DC8-2A17-C573-A8ACCE5B5A1B}"
EndProject
Project("{FAE04EC0-301F-11D3-BF4B-00C04F79EFBC}") = "Unity.CollabProxy.Editor", "Unity.CollabProxy.Editor.csproj", "{3F68991D-63BA-B36E-DD92-81FB2E78DB42}"
EndProject
Project("{FAE04EC0-301F-11D3-BF4B-00C04F79EFBC}") = "UnityEditor.TestRunner", "UnityEditor.TestRunner.csproj", "{C6715EBC-F26C-D1AF-1A36-32036B3F8D10}"
EndProject
Project("{FAE04EC0-301F-11D3-BF4B-00C04F79EFBC}") = "Unity.Services.Core.Editor", "Unity.Services.Core.Editor.csproj", "{87790190-241F-CB94-4461-905C0C088495}"
EndProject
Project("{FAE04EC0-301F-11D3-BF4B-00C04F79EFBC}") = "Unity.Rider.Editor", "Unity.Rider.Editor.csproj", "{03546405-867D-B59A-8B70-EA52E0F7E5B6}"
EndProject
Project("{FAE04EC0-301F-11D3-BF4B-00C04F79EFBC}") = "Unity.Searcher.Editor", "Unity.Searcher.Editor.csproj", "{CA97C7EB-1E3D-49B5-06B2-9679AE33F361}"
EndProject
Project("{FAE04EC0-301F-11D3-BF4B-00C04F79EFBC}") = "Unity.Burst.CodeGen", "Unity.Burst.CodeGen.csproj", "{702035B7-D599-0040-C094-7F63B7D92EEC}"
EndProject
Project("{FAE04EC0-301F-11D3-BF4B-00C04F79EFBC}") = "Unity.VSCode.Editor", "Unity.VSCode.Editor.csproj", "{9E2CEC62-13DE-F555-3C10-995CB9E1DF90}"
EndProject
Project("{FAE04EC0-301F-11D3-BF4B-00C04F79EFBC}") = "Unity.Mathematics.Editor", "Unity.Mathematics.Editor.csproj", "{31C0C865-45A8-3A7C-05D5-2E20092DAC39}"
EndProject
Project("{FAE04EC0-301F-11D3-BF4B-00C04F79EFBC}") = "Unity.Services.Core.Configuration.Editor", "Unity.Services.Core.Configuration.Editor.csproj", "{6FB8EE4D-7F78-EA8F-E191-04733706589E}"
EndProject
Project("{FAE04EC0-301F-11D3-BF4B-00C04F79EFBC}") = "Unity.Burst.Editor", "Unity.Burst.Editor.csproj", "{145D0803-0D81-A264-1C6A-C98BB74F2188}"
EndProject
Project("{FAE04EC0-301F-11D3-BF4B-00C04F79EFBC}") = "Unity.VisualScripting.Shared.Editor", "Unity.VisualScripting.Shared.Editor.csproj", "{C0E98ABA-F410-1241-DEAF-83BACDC3B15F}"
EndProject
Global
	GlobalSection(SolutionConfigurationPlatforms) = preSolution
		Debug|Any CPU = Debug|Any CPU
		Release|Any CPU = Release|Any CPU
	EndGlobalSection
	GlobalSection(ProjectConfigurationPlatforms) = postSolution
		{1E700717-B5F7-AA24-0C3C-FC9CBE68E0C3}.Debug|Any CPU.ActiveCfg = Debug|Any CPU
		{1E700717-B5F7-AA24-0C3C-FC9CBE68E0C3}.Debug|Any CPU.Build.0 = Debug|Any CPU
		{1E700717-B5F7-AA24-0C3C-FC9CBE68E0C3}.Release|Any CPU.ActiveCfg = Release|Any CPU
		{1E700717-B5F7-AA24-0C3C-FC9CBE68E0C3}.Release|Any CPU.Build.0 = Release|Any CPU
		{D9DD7F74-0A51-36C1-742B-C8E20FF0573F}.Debug|Any CPU.ActiveCfg = Debug|Any CPU
		{D9DD7F74-0A51-36C1-742B-C8E20FF0573F}.Debug|Any CPU.Build.0 = Debug|Any CPU
		{D9DD7F74-0A51-36C1-742B-C8E20FF0573F}.Release|Any CPU.ActiveCfg = Release|Any CPU
		{D9DD7F74-0A51-36C1-742B-C8E20FF0573F}.Release|Any CPU.Build.0 = Release|Any CPU
		{46C2CF51-51EE-0BB4-7542-FEF302516ABA}.Debug|Any CPU.ActiveCfg = Debug|Any CPU
		{46C2CF51-51EE-0BB4-7542-FEF302516ABA}.Debug|Any CPU.Build.0 = Debug|Any CPU
		{46C2CF51-51EE-0BB4-7542-FEF302516ABA}.Release|Any CPU.ActiveCfg = Release|Any CPU
		{46C2CF51-51EE-0BB4-7542-FEF302516ABA}.Release|Any CPU.Build.0 = Release|Any CPU
		{5B912E5A-7F09-89F0-AEB8-F060B3D083D0}.Debug|Any CPU.ActiveCfg = Debug|Any CPU
		{5B912E5A-7F09-89F0-AEB8-F060B3D083D0}.Debug|Any CPU.Build.0 = Debug|Any CPU
		{5B912E5A-7F09-89F0-AEB8-F060B3D083D0}.Release|Any CPU.ActiveCfg = Release|Any CPU
		{5B912E5A-7F09-89F0-AEB8-F060B3D083D0}.Release|Any CPU.Build.0 = Release|Any CPU
		{EB6C9475-1030-29BB-D367-145E2FEE33F1}.Debug|Any CPU.ActiveCfg = Debug|Any CPU
		{EB6C9475-1030-29BB-D367-145E2FEE33F1}.Debug|Any CPU.Build.0 = Debug|Any CPU
		{EB6C9475-1030-29BB-D367-145E2FEE33F1}.Release|Any CPU.ActiveCfg = Release|Any CPU
		{EB6C9475-1030-29BB-D367-145E2FEE33F1}.Release|Any CPU.Build.0 = Release|Any CPU
		{F55CE426-0A3D-7EDC-F03D-D1ED16AA54D7}.Debug|Any CPU.ActiveCfg = Debug|Any CPU
		{F55CE426-0A3D-7EDC-F03D-D1ED16AA54D7}.Debug|Any CPU.Build.0 = Debug|Any CPU
		{F55CE426-0A3D-7EDC-F03D-D1ED16AA54D7}.Release|Any CPU.ActiveCfg = Release|Any CPU
		{F55CE426-0A3D-7EDC-F03D-D1ED16AA54D7}.Release|Any CPU.Build.0 = Release|Any CPU
		{B0793137-5277-2B32-E219-90AE784AC0AB}.Debug|Any CPU.ActiveCfg = Debug|Any CPU
		{B0793137-5277-2B32-E219-90AE784AC0AB}.Debug|Any CPU.Build.0 = Debug|Any CPU
		{B0793137-5277-2B32-E219-90AE784AC0AB}.Release|Any CPU.ActiveCfg = Release|Any CPU
		{B0793137-5277-2B32-E219-90AE784AC0AB}.Release|Any CPU.Build.0 = Release|Any CPU
		{F453401B-A89A-1ABA-FE49-795B237C84C6}.Debug|Any CPU.ActiveCfg = Debug|Any CPU
		{F453401B-A89A-1ABA-FE49-795B237C84C6}.Debug|Any CPU.Build.0 = Debug|Any CPU
		{F453401B-A89A-1ABA-FE49-795B237C84C6}.Release|Any CPU.ActiveCfg = Release|Any CPU
		{F453401B-A89A-1ABA-FE49-795B237C84C6}.Release|Any CPU.Build.0 = Release|Any CPU
		{B685FC3F-889A-B12B-AE18-FCE66C761169}.Debug|Any CPU.ActiveCfg = Debug|Any CPU
		{B685FC3F-889A-B12B-AE18-FCE66C761169}.Debug|Any CPU.Build.0 = Debug|Any CPU
		{B685FC3F-889A-B12B-AE18-FCE66C761169}.Release|Any CPU.ActiveCfg = Release|Any CPU
		{B685FC3F-889A-B12B-AE18-FCE66C761169}.Release|Any CPU.Build.0 = Release|Any CPU
		{BA0BB95F-F1D0-C9E8-D686-4C3E4FE83302}.Debug|Any CPU.ActiveCfg = Debug|Any CPU
		{BA0BB95F-F1D0-C9E8-D686-4C3E4FE83302}.Debug|Any CPU.Build.0 = Debug|Any CPU
		{BA0BB95F-F1D0-C9E8-D686-4C3E4FE83302}.Release|Any CPU.ActiveCfg = Release|Any CPU
		{BA0BB95F-F1D0-C9E8-D686-4C3E4FE83302}.Release|Any CPU.Build.0 = Release|Any CPU
		{7256A312-9798-0CFE-7DA0-B0830C920918}.Debug|Any CPU.ActiveCfg = Debug|Any CPU
		{7256A312-9798-0CFE-7DA0-B0830C920918}.Debug|Any CPU.Build.0 = Debug|Any CPU
		{7256A312-9798-0CFE-7DA0-B0830C920918}.Release|Any CPU.ActiveCfg = Release|Any CPU
		{7256A312-9798-0CFE-7DA0-B0830C920918}.Release|Any CPU.Build.0 = Release|Any CPU
		{3003C20D-C787-A28B-3F1F-7613D873C0A0}.Debug|Any CPU.ActiveCfg = Debug|Any CPU
		{3003C20D-C787-A28B-3F1F-7613D873C0A0}.Debug|Any CPU.Build.0 = Debug|Any CPU
		{3003C20D-C787-A28B-3F1F-7613D873C0A0}.Release|Any CPU.ActiveCfg = Release|Any CPU
		{3003C20D-C787-A28B-3F1F-7613D873C0A0}.Release|Any CPU.Build.0 = Release|Any CPU
		{77A005AE-C378-2087-667F-C6BCEB110D31}.Debug|Any CPU.ActiveCfg = Debug|Any CPU
		{77A005AE-C378-2087-667F-C6BCEB110D31}.Debug|Any CPU.Build.0 = Debug|Any CPU
		{77A005AE-C378-2087-667F-C6BCEB110D31}.Release|Any CPU.ActiveCfg = Release|Any CPU
		{77A005AE-C378-2087-667F-C6BCEB110D31}.Release|Any CPU.Build.0 = Release|Any CPU
		{A315416C-C50D-FF2F-BE4B-F2A16E146472}.Debug|Any CPU.ActiveCfg = Debug|Any CPU
		{A315416C-C50D-FF2F-BE4B-F2A16E146472}.Debug|Any CPU.Build.0 = Debug|Any CPU
		{A315416C-C50D-FF2F-BE4B-F2A16E146472}.Release|Any CPU.ActiveCfg = Release|Any CPU
		{A315416C-C50D-FF2F-BE4B-F2A16E146472}.Release|Any CPU.Build.0 = Release|Any CPU
		{3B33485A-F5B5-945A-4C58-1D02CC5C55BB}.Debug|Any CPU.ActiveCfg = Debug|Any CPU
		{3B33485A-F5B5-945A-4C58-1D02CC5C55BB}.Debug|Any CPU.Build.0 = Debug|Any CPU
		{3B33485A-F5B5-945A-4C58-1D02CC5C55BB}.Release|Any CPU.ActiveCfg = Release|Any CPU
		{3B33485A-F5B5-945A-4C58-1D02CC5C55BB}.Release|Any CPU.Build.0 = Release|Any CPU
		{D4993B8F-0CFB-76E9-1449-F47D7786B99A}.Debug|Any CPU.ActiveCfg = Debug|Any CPU
		{D4993B8F-0CFB-76E9-1449-F47D7786B99A}.Debug|Any CPU.Build.0 = Debug|Any CPU
		{D4993B8F-0CFB-76E9-1449-F47D7786B99A}.Release|Any CPU.ActiveCfg = Release|Any CPU
		{D4993B8F-0CFB-76E9-1449-F47D7786B99A}.Release|Any CPU.Build.0 = Release|Any CPU
		{DD27A529-836F-05F9-0ED8-A0F4A310EC71}.Debug|Any CPU.ActiveCfg = Debug|Any CPU
		{DD27A529-836F-05F9-0ED8-A0F4A310EC71}.Debug|Any CPU.Build.0 = Debug|Any CPU
		{DD27A529-836F-05F9-0ED8-A0F4A310EC71}.Release|Any CPU.ActiveCfg = Release|Any CPU
		{DD27A529-836F-05F9-0ED8-A0F4A310EC71}.Release|Any CPU.Build.0 = Release|Any CPU
		{4EABFD29-DE22-F29D-37D5-9610157EAC91}.Debug|Any CPU.ActiveCfg = Debug|Any CPU
		{4EABFD29-DE22-F29D-37D5-9610157EAC91}.Debug|Any CPU.Build.0 = Debug|Any CPU
		{4EABFD29-DE22-F29D-37D5-9610157EAC91}.Release|Any CPU.ActiveCfg = Release|Any CPU
		{4EABFD29-DE22-F29D-37D5-9610157EAC91}.Release|Any CPU.Build.0 = Release|Any CPU
		{E5017880-7BEA-4702-A292-8B9B7C442295}.Debug|Any CPU.ActiveCfg = Debug|Any CPU
		{E5017880-7BEA-4702-A292-8B9B7C442295}.Debug|Any CPU.Build.0 = Debug|Any CPU
		{E5017880-7BEA-4702-A292-8B9B7C442295}.Release|Any CPU.ActiveCfg = Release|Any CPU
		{E5017880-7BEA-4702-A292-8B9B7C442295}.Release|Any CPU.Build.0 = Release|Any CPU
		{7AFEEA2D-8DFC-4364-B18E-CB24186EF422}.Debug|Any CPU.ActiveCfg = Debug|Any CPU
		{7AFEEA2D-8DFC-4364-B18E-CB24186EF422}.Debug|Any CPU.Build.0 = Debug|Any CPU
		{7AFEEA2D-8DFC-4364-B18E-CB24186EF422}.Release|Any CPU.ActiveCfg = Release|Any CPU
		{7AFEEA2D-8DFC-4364-B18E-CB24186EF422}.Release|Any CPU.Build.0 = Release|Any CPU
		{A39AC5B5-3B80-C1B7-16A1-0A50043F378E}.Debug|Any CPU.ActiveCfg = Debug|Any CPU
		{A39AC5B5-3B80-C1B7-16A1-0A50043F378E}.Debug|Any CPU.Build.0 = Debug|Any CPU
		{A39AC5B5-3B80-C1B7-16A1-0A50043F378E}.Release|Any CPU.ActiveCfg = Release|Any CPU
		{A39AC5B5-3B80-C1B7-16A1-0A50043F378E}.Release|Any CPU.Build.0 = Release|Any CPU
		{CD632E6B-9B59-D0F4-14B3-4F635A401024}.Debug|Any CPU.ActiveCfg = Debug|Any CPU
		{CD632E6B-9B59-D0F4-14B3-4F635A401024}.Debug|Any CPU.Build.0 = Debug|Any CPU
		{CD632E6B-9B59-D0F4-14B3-4F635A401024}.Release|Any CPU.ActiveCfg = Release|Any CPU
		{CD632E6B-9B59-D0F4-14B3-4F635A401024}.Release|Any CPU.Build.0 = Release|Any CPU
		{B51B13CF-56B8-7532-521C-E084AFB17485}.Debug|Any CPU.ActiveCfg = Debug|Any CPU
		{B51B13CF-56B8-7532-521C-E084AFB17485}.Debug|Any CPU.Build.0 = Debug|Any CPU
		{B51B13CF-56B8-7532-521C-E084AFB17485}.Release|Any CPU.ActiveCfg = Release|Any CPU
		{B51B13CF-56B8-7532-521C-E084AFB17485}.Release|Any CPU.Build.0 = Release|Any CPU
		{B4BCC7E7-8E06-C1DF-6D1A-775C273D3DE3}.Debug|Any CPU.ActiveCfg = Debug|Any CPU
		{B4BCC7E7-8E06-C1DF-6D1A-775C273D3DE3}.Debug|Any CPU.Build.0 = Debug|Any CPU
		{B4BCC7E7-8E06-C1DF-6D1A-775C273D3DE3}.Release|Any CPU.ActiveCfg = Release|Any CPU
		{B4BCC7E7-8E06-C1DF-6D1A-775C273D3DE3}.Release|Any CPU.Build.0 = Release|Any CPU
		{006E3ADB-F3CC-50C7-A46C-C55FF630413D}.Debug|Any CPU.ActiveCfg = Debug|Any CPU
		{006E3ADB-F3CC-50C7-A46C-C55FF630413D}.Debug|Any CPU.Build.0 = Debug|Any CPU
		{006E3ADB-F3CC-50C7-A46C-C55FF630413D}.Release|Any CPU.ActiveCfg = Release|Any CPU
		{006E3ADB-F3CC-50C7-A46C-C55FF630413D}.Release|Any CPU.Build.0 = Release|Any CPU
		{FFB70CE8-7B9C-F2E2-BF9A-B8910112E41A}.Debug|Any CPU.ActiveCfg = Debug|Any CPU
		{FFB70CE8-7B9C-F2E2-BF9A-B8910112E41A}.Debug|Any CPU.Build.0 = Debug|Any CPU
		{FFB70CE8-7B9C-F2E2-BF9A-B8910112E41A}.Release|Any CPU.ActiveCfg = Release|Any CPU
		{FFB70CE8-7B9C-F2E2-BF9A-B8910112E41A}.Release|Any CPU.Build.0 = Release|Any CPU
		{84E059F2-86D4-8E14-B0E4-E3978C2AD332}.Debug|Any CPU.ActiveCfg = Debug|Any CPU
		{84E059F2-86D4-8E14-B0E4-E3978C2AD332}.Debug|Any CPU.Build.0 = Debug|Any CPU
		{84E059F2-86D4-8E14-B0E4-E3978C2AD332}.Release|Any CPU.ActiveCfg = Release|Any CPU
		{84E059F2-86D4-8E14-B0E4-E3978C2AD332}.Release|Any CPU.Build.0 = Release|Any CPU
		{CEB57F63-55A5-A408-8C69-534A8B329FBF}.Debug|Any CPU.ActiveCfg = Debug|Any CPU
		{CEB57F63-55A5-A408-8C69-534A8B329FBF}.Debug|Any CPU.Build.0 = Debug|Any CPU
		{CEB57F63-55A5-A408-8C69-534A8B329FBF}.Release|Any CPU.ActiveCfg = Release|Any CPU
		{CEB57F63-55A5-A408-8C69-534A8B329FBF}.Release|Any CPU.Build.0 = Release|Any CPU
		{2C3F8DB5-AA82-9C42-9758-0DF642DE7628}.Debug|Any CPU.ActiveCfg = Debug|Any CPU
		{2C3F8DB5-AA82-9C42-9758-0DF642DE7628}.Debug|Any CPU.Build.0 = Debug|Any CPU
		{2C3F8DB5-AA82-9C42-9758-0DF642DE7628}.Release|Any CPU.ActiveCfg = Release|Any CPU
		{2C3F8DB5-AA82-9C42-9758-0DF642DE7628}.Release|Any CPU.Build.0 = Release|Any CPU
		{19F5FAB9-7DC8-2A17-C573-A8ACCE5B5A1B}.Debug|Any CPU.ActiveCfg = Debug|Any CPU
		{19F5FAB9-7DC8-2A17-C573-A8ACCE5B5A1B}.Debug|Any CPU.Build.0 = Debug|Any CPU
		{19F5FAB9-7DC8-2A17-C573-A8ACCE5B5A1B}.Release|Any CPU.ActiveCfg = Release|Any CPU
		{19F5FAB9-7DC8-2A17-C573-A8ACCE5B5A1B}.Release|Any CPU.Build.0 = Release|Any CPU
		{3F68991D-63BA-B36E-DD92-81FB2E78DB42}.Debug|Any CPU.ActiveCfg = Debug|Any CPU
		{3F68991D-63BA-B36E-DD92-81FB2E78DB42}.Debug|Any CPU.Build.0 = Debug|Any CPU
		{3F68991D-63BA-B36E-DD92-81FB2E78DB42}.Release|Any CPU.ActiveCfg = Release|Any CPU
		{3F68991D-63BA-B36E-DD92-81FB2E78DB42}.Release|Any CPU.Build.0 = Release|Any CPU
		{C6715EBC-F26C-D1AF-1A36-32036B3F8D10}.Debug|Any CPU.ActiveCfg = Debug|Any CPU
		{C6715EBC-F26C-D1AF-1A36-32036B3F8D10}.Debug|Any CPU.Build.0 = Debug|Any CPU
		{C6715EBC-F26C-D1AF-1A36-32036B3F8D10}.Release|Any CPU.ActiveCfg = Release|Any CPU
		{C6715EBC-F26C-D1AF-1A36-32036B3F8D10}.Release|Any CPU.Build.0 = Release|Any CPU
		{87790190-241F-CB94-4461-905C0C088495}.Debug|Any CPU.ActiveCfg = Debug|Any CPU
		{87790190-241F-CB94-4461-905C0C088495}.Debug|Any CPU.Build.0 = Debug|Any CPU
		{87790190-241F-CB94-4461-905C0C088495}.Release|Any CPU.ActiveCfg = Release|Any CPU
		{87790190-241F-CB94-4461-905C0C088495}.Release|Any CPU.Build.0 = Release|Any CPU
		{03546405-867D-B59A-8B70-EA52E0F7E5B6}.Debug|Any CPU.ActiveCfg = Debug|Any CPU
		{03546405-867D-B59A-8B70-EA52E0F7E5B6}.Debug|Any CPU.Build.0 = Debug|Any CPU
		{03546405-867D-B59A-8B70-EA52E0F7E5B6}.Release|Any CPU.ActiveCfg = Release|Any CPU
		{03546405-867D-B59A-8B70-EA52E0F7E5B6}.Release|Any CPU.Build.0 = Release|Any CPU
		{CA97C7EB-1E3D-49B5-06B2-9679AE33F361}.Debug|Any CPU.ActiveCfg = Debug|Any CPU
		{CA97C7EB-1E3D-49B5-06B2-9679AE33F361}.Debug|Any CPU.Build.0 = Debug|Any CPU
		{CA97C7EB-1E3D-49B5-06B2-9679AE33F361}.Release|Any CPU.ActiveCfg = Release|Any CPU
		{CA97C7EB-1E3D-49B5-06B2-9679AE33F361}.Release|Any CPU.Build.0 = Release|Any CPU
		{702035B7-D599-0040-C094-7F63B7D92EEC}.Debug|Any CPU.ActiveCfg = Debug|Any CPU
		{702035B7-D599-0040-C094-7F63B7D92EEC}.Debug|Any CPU.Build.0 = Debug|Any CPU
		{702035B7-D599-0040-C094-7F63B7D92EEC}.Release|Any CPU.ActiveCfg = Release|Any CPU
		{702035B7-D599-0040-C094-7F63B7D92EEC}.Release|Any CPU.Build.0 = Release|Any CPU
		{9E2CEC62-13DE-F555-3C10-995CB9E1DF90}.Debug|Any CPU.ActiveCfg = Debug|Any CPU
		{9E2CEC62-13DE-F555-3C10-995CB9E1DF90}.Debug|Any CPU.Build.0 = Debug|Any CPU
		{9E2CEC62-13DE-F555-3C10-995CB9E1DF90}.Release|Any CPU.ActiveCfg = Release|Any CPU
		{9E2CEC62-13DE-F555-3C10-995CB9E1DF90}.Release|Any CPU.Build.0 = Release|Any CPU
		{31C0C865-45A8-3A7C-05D5-2E20092DAC39}.Debug|Any CPU.ActiveCfg = Debug|Any CPU
		{31C0C865-45A8-3A7C-05D5-2E20092DAC39}.Debug|Any CPU.Build.0 = Debug|Any CPU
		{31C0C865-45A8-3A7C-05D5-2E20092DAC39}.Release|Any CPU.ActiveCfg = Release|Any CPU
		{31C0C865-45A8-3A7C-05D5-2E20092DAC39}.Release|Any CPU.Build.0 = Release|Any CPU
		{6FB8EE4D-7F78-EA8F-E191-04733706589E}.Debug|Any CPU.ActiveCfg = Debug|Any CPU
		{6FB8EE4D-7F78-EA8F-E191-04733706589E}.Debug|Any CPU.Build.0 = Debug|Any CPU
		{6FB8EE4D-7F78-EA8F-E191-04733706589E}.Release|Any CPU.ActiveCfg = Release|Any CPU
		{6FB8EE4D-7F78-EA8F-E191-04733706589E}.Release|Any CPU.Build.0 = Release|Any CPU
		{145D0803-0D81-A264-1C6A-C98BB74F2188}.Debug|Any CPU.ActiveCfg = Debug|Any CPU
		{145D0803-0D81-A264-1C6A-C98BB74F2188}.Debug|Any CPU.Build.0 = Debug|Any CPU
		{145D0803-0D81-A264-1C6A-C98BB74F2188}.Release|Any CPU.ActiveCfg = Release|Any CPU
		{145D0803-0D81-A264-1C6A-C98BB74F2188}.Release|Any CPU.Build.0 = Release|Any CPU
		{C0E98ABA-F410-1241-DEAF-83BACDC3B15F}.Debug|Any CPU.ActiveCfg = Debug|Any CPU
		{C0E98ABA-F410-1241-DEAF-83BACDC3B15F}.Debug|Any CPU.Build.0 = Debug|Any CPU
		{C0E98ABA-F410-1241-DEAF-83BACDC3B15F}.Release|Any CPU.ActiveCfg = Release|Any CPU
		{C0E98ABA-F410-1241-DEAF-83BACDC3B15F}.Release|Any CPU.Build.0 = Release|Any CPU
	EndGlobalSection
	GlobalSection(SolutionProperties) = preSolution
		HideSolutionNode = FALSE
	EndGlobalSection
EndGlobal
